
Microsoft Visual Studio Solution File, Format Version 12.00
# Visual Studio Version 17
VisualStudioVersion = 17.8.34330.188
MinimumVisualStudioVersion = 10.0.40219.1
Project("{8BC9CEB8-8B4A-11D0-8D11-00A0C91BC942}") = "Sandbox", "Sandbox\Sandbox.vcxproj", "{58C7115C-14CE-4952-80FE-5546CFA427AE}"
EndProject
Project("{8BC9CEB8-8B4A-11D0-8D11-00A0C91BC942}") = "Calliope", "Calliope\Calliope.vcxproj", "{71938D13-797F-4837-AD77-5BC0F0559141}"
EndProject
Global
	GlobalSection(SolutionConfigurationPlatforms) = preSolution
		Debug|x64 = Debug|x64
		Debug|x86 = Debug|x86
		Release|x64 = Release|x64
		Release|x86 = Release|x86
	EndGlobalSection
	GlobalSection(ProjectConfigurationPlatforms) = postSolution
		{71938D13-797F-4837-AD77-5BC0F0559141}.Debug|x64.ActiveCfg = Debug|x64
		{71938D13-797F-4837-AD77-5BC0F0559141}.Debug|x64.Build.0 = Debug|x64
		{71938D13-797F-4837-AD77-5BC0F0559141}.Debug|x86.ActiveCfg = Debug|x64
		{71938D13-797F-4837-AD77-5BC0F0559141}.Release|x64.ActiveCfg = Release|x64
		{71938D13-797F-4837-AD77-5BC0F0559141}.Release|x64.Build.0 = Release|x64
		{71938D13-797F-4837-AD77-5BC0F0559141}.Release|x86.ActiveCfg = Release|x64
		{58C7115C-14CE-4952-80FE-5546CFA427AE}.Debug|x64.ActiveCfg = Debug|x64
		{58C7115C-14CE-4952-80FE-5546CFA427AE}.Debug|x64.Build.0 = Debug|x64
		{58C7115C-14CE-4952-80FE-5546CFA427AE}.Debug|x86.ActiveCfg = Debug|x64
		{58C7115C-14CE-4952-80FE-5546CFA427AE}.Release|x64.ActiveCfg = Release|x64
		{58C7115C-14CE-4952-80FE-5546CFA427AE}.Release|x64.Build.0 = Release|x64
		{58C7115C-14CE-4952-80FE-5546CFA427AE}.Release|x86.ActiveCfg = Release|x64
	EndGlobalSection
	GlobalSection(SolutionProperties) = preSolution
		HideSolutionNode = FALSE
	EndGlobalSection
	GlobalSection(ExtensibilityGlobals) = postSolution
		SolutionGuid = {38569468-6946-4F92-90B6-934429D25A12}
	EndGlobalSection
EndGlobal
